
Microsoft Visual Studio Solution File, Format Version 12.00
# Visual Studio Version 17
VisualStudioVersion = 17.14.36310.24 d17.14
MinimumVisualStudioVersion = 10.0.40219.1
Project("{FAE04EC0-301F-11D3-BF4B-00C04F79EFBC}") = "SPA_ASP.NETMVC", "SPA_ASP.NETMVC\SPA_ASP.NETMVC.csproj", "{FDA80511-9D2E-4C3D-9D9E-CA966F352C72}"
EndProject
Global
	GlobalSection(SolutionConfigurationPlatforms) = preSolution
		Debug|Any CPU = Debug|Any CPU
		Release|Any CPU = Release|Any CPU
	EndGlobalSection
	GlobalSection(ProjectConfigurationPlatforms) = postSolution
		{FDA80511-9D2E-4C3D-9D9E-CA966F352C72}.Debug|Any CPU.ActiveCfg = Debug|Any CPU
		{FDA80511-9D2E-4C3D-9D9E-CA966F352C72}.Debug|Any CPU.Build.0 = Debug|Any CPU
		{FDA80511-9D2E-4C3D-9D9E-CA966F352C72}.Release|Any CPU.ActiveCfg = Release|Any CPU
		{FDA80511-9D2E-4C3D-9D9E-CA966F352C72}.Release|Any CPU.Build.0 = Release|Any CPU
	EndGlobalSection
	GlobalSection(SolutionProperties) = preSolution
		HideSolutionNode = FALSE
	EndGlobalSection
	GlobalSection(ExtensibilityGlobals) = postSolution
		SolutionGuid = {14B51661-28B8-44A0-84AB-ED1A7C8CC078}
	EndGlobalSection
EndGlobal
